
Microsoft Visual Studio Solution File, Format Version 12.00
# Visual Studio Version 17
VisualStudioVersion = 17.5.002.0
MinimumVisualStudioVersion = 10.0.40219.1
Project("{9A19103F-16F7-4668-BE54-9A1E7A4F7556}") = "Models", "Models\Models.csproj", "{5217F96B-4455-4AB9-B87A-B7618F3F529C}"
EndProject
Project("{FAE04EC0-301F-11D3-BF4B-00C04F79EFBC}") = "Core", "Core\Core.csproj", "{F4683DB3-7BA7-4E16-B715-E72EB24A4F64}"
EndProject
Global
	GlobalSection(SolutionConfigurationPlatforms) = preSolution
		Debug|Any CPU = Debug|Any CPU
		Release|Any CPU = Release|Any CPU
	EndGlobalSection
	GlobalSection(ProjectConfigurationPlatforms) = postSolution
		{5217F96B-4455-4AB9-B87A-B7618F3F529C}.Debug|Any CPU.ActiveCfg = Debug|Any CPU
		{5217F96B-4455-4AB9-B87A-B7618F3F529C}.Debug|Any CPU.Build.0 = Debug|Any CPU
		{5217F96B-4455-4AB9-B87A-B7618F3F529C}.Release|Any CPU.ActiveCfg = Release|Any CPU
		{5217F96B-4455-4AB9-B87A-B7618F3F529C}.Release|Any CPU.Build.0 = Release|Any CPU
		{F4683DB3-7BA7-4E16-B715-E72EB24A4F64}.Debug|Any CPU.ActiveCfg = Debug|Any CPU
		{F4683DB3-7BA7-4E16-B715-E72EB24A4F64}.Debug|Any CPU.Build.0 = Debug|Any CPU
		{F4683DB3-7BA7-4E16-B715-E72EB24A4F64}.Release|Any CPU.ActiveCfg = Release|Any CPU
		{F4683DB3-7BA7-4E16-B715-E72EB24A4F64}.Release|Any CPU.Build.0 = Release|Any CPU
	EndGlobalSection
	GlobalSection(SolutionProperties) = preSolution
		HideSolutionNode = FALSE
	EndGlobalSection
	GlobalSection(ExtensibilityGlobals) = postSolution
		SolutionGuid = {640A7FA5-317A-4C7D-BB6C-F96AEBC042B2}
	EndGlobalSection
EndGlobal
